
Microsoft Visual Studio Solution File, Format Version 12.00
# Visual Studio Version 17
VisualStudioVersion = 17.9.34607.119
MinimumVisualStudioVersion = 10.0.40219.1
Project("{2150E333-8FDC-42A3-9474-1A3956D46DE8}") = "src", "src", "{225CBCC2-B906-4F1A-92B0-225D71C21AB3}"
EndProject
Project("{2150E333-8FDC-42A3-9474-1A3956D46DE8}") = "tests", "tests", "{0421481A-0503-4CEC-BDF9-4A27EC133F72}"
EndProject
Project("{2150E333-8FDC-42A3-9474-1A3956D46DE8}") = "UI", "UI", "{49FC0B67-6D93-4A8E-BEDD-068B10570E63}"
EndProject
Project("{2150E333-8FDC-42A3-9474-1A3956D46DE8}") = "Core", "Core", "{9F829E0E-7689-4903-9EF1-B8C15091E3B0}"
EndProject
Project("{2150E333-8FDC-42A3-9474-1A3956D46DE8}") = "Infrastructure", "Infrastructure", "{E2F9D0F3-34B2-4E9B-ADF7-94DAEC74BC57}"
EndProject
Project("{2150E333-8FDC-42A3-9474-1A3956D46DE8}") = "API", "API", "{41DC8EAE-6126-4B48-AA19-CE457BB7595A}"
EndProject
Project("{9A19103F-16F7-4668-BE54-9A1E7A4F7556}") = "HRLeaveManagement.Domain", "HRLeaveManagement.Domain\HRLeaveManagement.Domain.csproj", "{052831BB-255A-4CBF-B712-C4A28F1D1776}"
EndProject
Project("{9A19103F-16F7-4668-BE54-9A1E7A4F7556}") = "HRLeaveManagement.Application", "HRLeaveManagement.Application\HRLeaveManagement.Application.csproj", "{F7C6E9EE-04BC-4410-B2D8-46F6442B9066}"
EndProject
Project("{9A19103F-16F7-4668-BE54-9A1E7A4F7556}") = "HRLeaveManagement.Api", "HRLeaveManagement.Api\HRLeaveManagement.Api.csproj", "{C6F4BE3C-AF8E-445F-BEB7-C20C6A617879}"
EndProject
Project("{9A19103F-16F7-4668-BE54-9A1E7A4F7556}") = "HRLeaveManagement.Application.UnitTests", "HRLeaveManagement.Application.UnitTests\HRLeaveManagement.Application.UnitTests.csproj", "{0839CB16-89A6-4E57-B2EF-EAAD1398C4B8}"
EndProject
Project("{9A19103F-16F7-4668-BE54-9A1E7A4F7556}") = "HR.LeaveManagement.Persistence.IntegrationTests", "HR.LeaveManagement.Persistence.IntegrationTests\HR.LeaveManagement.Persistence.IntegrationTests.csproj", "{71FF6036-3CE8-45C0-AA2A-324620EC8AB0}"
EndProject
Project("{9A19103F-16F7-4668-BE54-9A1E7A4F7556}") = "HRLeaveManagement.BlazorUI", "HRLeaveManagement.BlazorUI\HRLeaveManagement.BlazorUI.csproj", "{3C859306-90E3-4E2C-96A4-5D2CE47FAA1F}"
EndProject
Project("{9A19103F-16F7-4668-BE54-9A1E7A4F7556}") = "HR.LeaveManagement.Identity", "HR.LeaveManagement.Identity\HR.LeaveManagement.Identity.csproj", "{AD4AA669-260E-47FF-8646-5433ADDFCBD0}"
EndProject
Project("{9A19103F-16F7-4668-BE54-9A1E7A4F7556}") = "HRLeaveManagement.Infrastructure", "HRLeaveManagement.Infrastructure\HRLeaveManagement.Infrastructure.csproj", "{CC365738-5E5E-44B0-83D5-5EB5E3DA76A7}"
EndProject
Project("{9A19103F-16F7-4668-BE54-9A1E7A4F7556}") = "HRLeaveManagement.Persistence", "HRLeaveManagement.Persistence\HRLeaveManagement.Persistence.csproj", "{70817B80-ACA1-43DE-BC05-383C80D7CD48}"
EndProject
Global
	GlobalSection(SolutionConfigurationPlatforms) = preSolution
		Debug|Any CPU = Debug|Any CPU
		Release|Any CPU = Release|Any CPU
	EndGlobalSection
	GlobalSection(ProjectConfigurationPlatforms) = postSolution
		{052831BB-255A-4CBF-B712-C4A28F1D1776}.Debug|Any CPU.ActiveCfg = Debug|Any CPU
		{052831BB-255A-4CBF-B712-C4A28F1D1776}.Debug|Any CPU.Build.0 = Debug|Any CPU
		{052831BB-255A-4CBF-B712-C4A28F1D1776}.Release|Any CPU.ActiveCfg = Release|Any CPU
		{052831BB-255A-4CBF-B712-C4A28F1D1776}.Release|Any CPU.Build.0 = Release|Any CPU
		{F7C6E9EE-04BC-4410-B2D8-46F6442B9066}.Debug|Any CPU.ActiveCfg = Debug|Any CPU
		{F7C6E9EE-04BC-4410-B2D8-46F6442B9066}.Debug|Any CPU.Build.0 = Debug|Any CPU
		{F7C6E9EE-04BC-4410-B2D8-46F6442B9066}.Release|Any CPU.ActiveCfg = Release|Any CPU
		{F7C6E9EE-04BC-4410-B2D8-46F6442B9066}.Release|Any CPU.Build.0 = Release|Any CPU
		{C6F4BE3C-AF8E-445F-BEB7-C20C6A617879}.Debug|Any CPU.ActiveCfg = Debug|Any CPU
		{C6F4BE3C-AF8E-445F-BEB7-C20C6A617879}.Debug|Any CPU.Build.0 = Debug|Any CPU
		{C6F4BE3C-AF8E-445F-BEB7-C20C6A617879}.Release|Any CPU.ActiveCfg = Release|Any CPU
		{C6F4BE3C-AF8E-445F-BEB7-C20C6A617879}.Release|Any CPU.Build.0 = Release|Any CPU
		{0839CB16-89A6-4E57-B2EF-EAAD1398C4B8}.Debug|Any CPU.ActiveCfg = Debug|Any CPU
		{0839CB16-89A6-4E57-B2EF-EAAD1398C4B8}.Debug|Any CPU.Build.0 = Debug|Any CPU
		{0839CB16-89A6-4E57-B2EF-EAAD1398C4B8}.Release|Any CPU.ActiveCfg = Release|Any CPU
		{0839CB16-89A6-4E57-B2EF-EAAD1398C4B8}.Release|Any CPU.Build.0 = Release|Any CPU
		{71FF6036-3CE8-45C0-AA2A-324620EC8AB0}.Debug|Any CPU.ActiveCfg = Debug|Any CPU
		{71FF6036-3CE8-45C0-AA2A-324620EC8AB0}.Debug|Any CPU.Build.0 = Debug|Any CPU
		{71FF6036-3CE8-45C0-AA2A-324620EC8AB0}.Release|Any CPU.ActiveCfg = Release|Any CPU
		{71FF6036-3CE8-45C0-AA2A-324620EC8AB0}.Release|Any CPU.Build.0 = Release|Any CPU
		{3C859306-90E3-4E2C-96A4-5D2CE47FAA1F}.Debug|Any CPU.ActiveCfg = Debug|Any CPU
		{3C859306-90E3-4E2C-96A4-5D2CE47FAA1F}.Debug|Any CPU.Build.0 = Debug|Any CPU
		{3C859306-90E3-4E2C-96A4-5D2CE47FAA1F}.Release|Any CPU.ActiveCfg = Release|Any CPU
		{3C859306-90E3-4E2C-96A4-5D2CE47FAA1F}.Release|Any CPU.Build.0 = Release|Any CPU
		{AD4AA669-260E-47FF-8646-5433ADDFCBD0}.Debug|Any CPU.ActiveCfg = Debug|Any CPU
		{AD4AA669-260E-47FF-8646-5433ADDFCBD0}.Debug|Any CPU.Build.0 = Debug|Any CPU
		{AD4AA669-260E-47FF-8646-5433ADDFCBD0}.Release|Any CPU.ActiveCfg = Release|Any CPU
		{AD4AA669-260E-47FF-8646-5433ADDFCBD0}.Release|Any CPU.Build.0 = Release|Any CPU
		{CC365738-5E5E-44B0-83D5-5EB5E3DA76A7}.Debug|Any CPU.ActiveCfg = Debug|Any CPU
		{CC365738-5E5E-44B0-83D5-5EB5E3DA76A7}.Debug|Any CPU.Build.0 = Debug|Any CPU
		{CC365738-5E5E-44B0-83D5-5EB5E3DA76A7}.Release|Any CPU.ActiveCfg = Release|Any CPU
		{CC365738-5E5E-44B0-83D5-5EB5E3DA76A7}.Release|Any CPU.Build.0 = Release|Any CPU
		{70817B80-ACA1-43DE-BC05-383C80D7CD48}.Debug|Any CPU.ActiveCfg = Debug|Any CPU
		{70817B80-ACA1-43DE-BC05-383C80D7CD48}.Debug|Any CPU.Build.0 = Debug|Any CPU
		{70817B80-ACA1-43DE-BC05-383C80D7CD48}.Release|Any CPU.ActiveCfg = Release|Any CPU
		{70817B80-ACA1-43DE-BC05-383C80D7CD48}.Release|Any CPU.Build.0 = Release|Any CPU
	EndGlobalSection
	GlobalSection(SolutionProperties) = preSolution
		HideSolutionNode = FALSE
	EndGlobalSection
	GlobalSection(NestedProjects) = preSolution
		{49FC0B67-6D93-4A8E-BEDD-068B10570E63} = {225CBCC2-B906-4F1A-92B0-225D71C21AB3}
		{9F829E0E-7689-4903-9EF1-B8C15091E3B0} = {225CBCC2-B906-4F1A-92B0-225D71C21AB3}
		{E2F9D0F3-34B2-4E9B-ADF7-94DAEC74BC57} = {225CBCC2-B906-4F1A-92B0-225D71C21AB3}
		{41DC8EAE-6126-4B48-AA19-CE457BB7595A} = {225CBCC2-B906-4F1A-92B0-225D71C21AB3}
		{052831BB-255A-4CBF-B712-C4A28F1D1776} = {9F829E0E-7689-4903-9EF1-B8C15091E3B0}
		{F7C6E9EE-04BC-4410-B2D8-46F6442B9066} = {9F829E0E-7689-4903-9EF1-B8C15091E3B0}
		{C6F4BE3C-AF8E-445F-BEB7-C20C6A617879} = {41DC8EAE-6126-4B48-AA19-CE457BB7595A}
		{0839CB16-89A6-4E57-B2EF-EAAD1398C4B8} = {0421481A-0503-4CEC-BDF9-4A27EC133F72}
		{71FF6036-3CE8-45C0-AA2A-324620EC8AB0} = {0421481A-0503-4CEC-BDF9-4A27EC133F72}
		{3C859306-90E3-4E2C-96A4-5D2CE47FAA1F} = {49FC0B67-6D93-4A8E-BEDD-068B10570E63}
		{AD4AA669-260E-47FF-8646-5433ADDFCBD0} = {E2F9D0F3-34B2-4E9B-ADF7-94DAEC74BC57}
		{CC365738-5E5E-44B0-83D5-5EB5E3DA76A7} = {E2F9D0F3-34B2-4E9B-ADF7-94DAEC74BC57}
		{70817B80-ACA1-43DE-BC05-383C80D7CD48} = {E2F9D0F3-34B2-4E9B-ADF7-94DAEC74BC57}
	EndGlobalSection
	GlobalSection(ExtensibilityGlobals) = postSolution
		SolutionGuid = {53FB48C8-78E5-4C51-86FA-8ABE337D189D}
	EndGlobalSection
EndGlobal
